
Microsoft Visual Studio Solution File, Format Version 12.00
# Visual Studio 2013
VisualStudioVersion = 12.0.40629.0
MinimumVisualStudioVersion = 10.0.40219.1
Project("{FAE04EC0-301F-11D3-BF4B-00C04F79EFBC}") = "Universidad.Entities", "Universidad.Entities\Universidad.Entities.csproj", "{4A12737D-BB6F-4144-9282-6CDC6F1CBFD2}"
EndProject
Project("{FAE04EC0-301F-11D3-BF4B-00C04F79EFBC}") = "Universidad.Context", "Universidad.Context\Universidad.Context.csproj", "{8F91E1DE-5E22-404C-8B7C-CE059BC73796}"
EndProject
Project("{FAE04EC0-301F-11D3-BF4B-00C04F79EFBC}") = "Univesidad.MVC", "Univesidad.MVC\Univesidad.MVC.csproj", "{56D35956-8099-45E1-9E8E-5037E6D660B8}"
EndProject
Global
	GlobalSection(SolutionConfigurationPlatforms) = preSolution
		Debug|Any CPU = Debug|Any CPU
		Release|Any CPU = Release|Any CPU
	EndGlobalSection
	GlobalSection(ProjectConfigurationPlatforms) = postSolution
		{4A12737D-BB6F-4144-9282-6CDC6F1CBFD2}.Debug|Any CPU.ActiveCfg = Debug|Any CPU
		{4A12737D-BB6F-4144-9282-6CDC6F1CBFD2}.Debug|Any CPU.Build.0 = Debug|Any CPU
		{4A12737D-BB6F-4144-9282-6CDC6F1CBFD2}.Release|Any CPU.ActiveCfg = Release|Any CPU
		{4A12737D-BB6F-4144-9282-6CDC6F1CBFD2}.Release|Any CPU.Build.0 = Release|Any CPU
		{8F91E1DE-5E22-404C-8B7C-CE059BC73796}.Debug|Any CPU.ActiveCfg = Debug|Any CPU
		{8F91E1DE-5E22-404C-8B7C-CE059BC73796}.Debug|Any CPU.Build.0 = Debug|Any CPU
		{8F91E1DE-5E22-404C-8B7C-CE059BC73796}.Release|Any CPU.ActiveCfg = Release|Any CPU
		{8F91E1DE-5E22-404C-8B7C-CE059BC73796}.Release|Any CPU.Build.0 = Release|Any CPU
		{56D35956-8099-45E1-9E8E-5037E6D660B8}.Debug|Any CPU.ActiveCfg = Debug|Any CPU
		{56D35956-8099-45E1-9E8E-5037E6D660B8}.Debug|Any CPU.Build.0 = Debug|Any CPU
		{56D35956-8099-45E1-9E8E-5037E6D660B8}.Release|Any CPU.ActiveCfg = Release|Any CPU
		{56D35956-8099-45E1-9E8E-5037E6D660B8}.Release|Any CPU.Build.0 = Release|Any CPU
	EndGlobalSection
	GlobalSection(SolutionProperties) = preSolution
		HideSolutionNode = FALSE
	EndGlobalSection
EndGlobal
